
Microsoft Visual Studio Solution File, Format Version 12.00
# Visual Studio 14
VisualStudioVersion = 14.0.25420.1
MinimumVisualStudioVersion = 10.0.40219.1
Project("{8BC9CEB8-8B4A-11D0-8D11-00A0C91BC942}") = "caffe.lib", "MSVC\caffelib.vcxproj", "{7F271127-D68A-4B9B-ACCE-1369394ED6E5}"
EndProject
Project("{8BC9CEB8-8B4A-11D0-8D11-00A0C91BC942}") = "caffe", "MSVC\caffe.vcxproj", "{537EF951-4B02-4103-A310-52A6F7C8D748}"
EndProject
Project("{8BC9CEB8-8B4A-11D0-8D11-00A0C91BC942}") = "caffe.gtest", "MSVC\caffe.gtest.vcxproj", "{B51AE0DD-539B-4DB9-B8E7-1C11424721A4}"
EndProject
Project("{8BC9CEB8-8B4A-11D0-8D11-00A0C91BC942}") = "caffe.python", "MSVC\caffe.python.vcxproj", "{C209DCB1-C214-4182-B340-F171BB50B45B}"
EndProject
Project("{8BC9CEB8-8B4A-11D0-8D11-00A0C91BC942}") = "caffe.managed", "MSVC\caffe.managed\caffe.managed.vcxproj", "{350020CA-75B9-425E-85CA-DD8CF8CFBA9B}"
EndProject
Project("{8BC9CEB8-8B4A-11D0-8D11-00A0C91BC942}") = "caffe.native", "MSVC\caffe.native\caffe.native.vcxproj", "{214F9422-476A-4B18-83A5-2E1FD5D57AC7}"
EndProject
Project("{2150E333-8FDC-42A3-9474-1A3956D46DE8}") = "Tools", "Tools", "{4C888461-AAC1-42DE-9D81-68DF314FB5C3}"
EndProject
Project("{FAE04EC0-301F-11D3-BF4B-00C04F79EFBC}") = "Tsv", "MSVC\tsv\Tsv.csproj", "{E3B2891E-0C41-4438-BBD3-640CC27B36BF}"
EndProject
Project("{FAE04EC0-301F-11D3-BF4B-00C04F79EFBC}") = "CmdParser", "MSVC\CmdParser\CmdParser.csproj", "{5F0E7B5B-5924-4F2A-8CFE-D016003997D0}"
EndProject
Project("{FAE04EC0-301F-11D3-BF4B-00C04F79EFBC}") = "CaffeTool", "MSVC\CaffeTool\CaffeTool.csproj", "{E29D42F7-D1D1-4E35-804F-F42AE1F439FA}"
EndProject
Project("{FAE04EC0-301F-11D3-BF4B-00C04F79EFBC}") = "TsvTool.Utility", "MSVC\TsvTool.Utility\TsvTool.Utility.csproj", "{19AD9555-4CD9-45AD-9C07-A55F415DC2ED}"
EndProject
Global
	GlobalSection(SolutionConfigurationPlatforms) = preSolution
		Debug|x64 = Debug|x64
		Release|x64 = Release|x64
	EndGlobalSection
	GlobalSection(ProjectConfigurationPlatforms) = postSolution
		{7F271127-D68A-4B9B-ACCE-1369394ED6E5}.Debug|x64.ActiveCfg = Debug|x64
		{7F271127-D68A-4B9B-ACCE-1369394ED6E5}.Debug|x64.Build.0 = Debug|x64
		{7F271127-D68A-4B9B-ACCE-1369394ED6E5}.Release|x64.ActiveCfg = Release|x64
		{7F271127-D68A-4B9B-ACCE-1369394ED6E5}.Release|x64.Build.0 = Release|x64
		{537EF951-4B02-4103-A310-52A6F7C8D748}.Debug|x64.ActiveCfg = Debug|x64
		{537EF951-4B02-4103-A310-52A6F7C8D748}.Debug|x64.Build.0 = Debug|x64
		{537EF951-4B02-4103-A310-52A6F7C8D748}.Release|x64.ActiveCfg = Release|x64
		{537EF951-4B02-4103-A310-52A6F7C8D748}.Release|x64.Build.0 = Release|x64
		{B51AE0DD-539B-4DB9-B8E7-1C11424721A4}.Debug|x64.ActiveCfg = Debug|x64
		{B51AE0DD-539B-4DB9-B8E7-1C11424721A4}.Debug|x64.Build.0 = Debug|x64
		{B51AE0DD-539B-4DB9-B8E7-1C11424721A4}.Release|x64.ActiveCfg = Release|x64
		{B51AE0DD-539B-4DB9-B8E7-1C11424721A4}.Release|x64.Build.0 = Release|x64
		{C209DCB1-C214-4182-B340-F171BB50B45B}.Debug|x64.ActiveCfg = Debug|x64
		{C209DCB1-C214-4182-B340-F171BB50B45B}.Debug|x64.Build.0 = Debug|x64
		{C209DCB1-C214-4182-B340-F171BB50B45B}.Release|x64.ActiveCfg = Release|x64
		{C209DCB1-C214-4182-B340-F171BB50B45B}.Release|x64.Build.0 = Release|x64
		{350020CA-75B9-425E-85CA-DD8CF8CFBA9B}.Debug|x64.ActiveCfg = Debug|x64
		{350020CA-75B9-425E-85CA-DD8CF8CFBA9B}.Debug|x64.Build.0 = Debug|x64
		{350020CA-75B9-425E-85CA-DD8CF8CFBA9B}.Release|x64.ActiveCfg = Release|x64
		{350020CA-75B9-425E-85CA-DD8CF8CFBA9B}.Release|x64.Build.0 = Release|x64
		{214F9422-476A-4B18-83A5-2E1FD5D57AC7}.Debug|x64.ActiveCfg = Debug|x64
		{214F9422-476A-4B18-83A5-2E1FD5D57AC7}.Debug|x64.Build.0 = Debug|x64
		{214F9422-476A-4B18-83A5-2E1FD5D57AC7}.Release|x64.ActiveCfg = Release|x64
		{214F9422-476A-4B18-83A5-2E1FD5D57AC7}.Release|x64.Build.0 = Release|x64
		{E3B2891E-0C41-4438-BBD3-640CC27B36BF}.Debug|x64.ActiveCfg = Debug|x64
		{E3B2891E-0C41-4438-BBD3-640CC27B36BF}.Debug|x64.Build.0 = Debug|x64
		{E3B2891E-0C41-4438-BBD3-640CC27B36BF}.Release|x64.ActiveCfg = Release|x64
		{E3B2891E-0C41-4438-BBD3-640CC27B36BF}.Release|x64.Build.0 = Release|x64
		{5F0E7B5B-5924-4F2A-8CFE-D016003997D0}.Debug|x64.ActiveCfg = Debug|x64
		{5F0E7B5B-5924-4F2A-8CFE-D016003997D0}.Debug|x64.Build.0 = Debug|x64
		{5F0E7B5B-5924-4F2A-8CFE-D016003997D0}.Release|x64.ActiveCfg = Release|x64
		{5F0E7B5B-5924-4F2A-8CFE-D016003997D0}.Release|x64.Build.0 = Release|x64
		{E29D42F7-D1D1-4E35-804F-F42AE1F439FA}.Debug|x64.ActiveCfg = Debug|x64
		{E29D42F7-D1D1-4E35-804F-F42AE1F439FA}.Debug|x64.Build.0 = Debug|x64
		{E29D42F7-D1D1-4E35-804F-F42AE1F439FA}.Release|x64.ActiveCfg = Release|x64
		{E29D42F7-D1D1-4E35-804F-F42AE1F439FA}.Release|x64.Build.0 = Release|x64
		{19AD9555-4CD9-45AD-9C07-A55F415DC2ED}.Debug|x64.ActiveCfg = Debug|x64
		{19AD9555-4CD9-45AD-9C07-A55F415DC2ED}.Debug|x64.Build.0 = Debug|x64
		{19AD9555-4CD9-45AD-9C07-A55F415DC2ED}.Release|x64.ActiveCfg = Release|x64
		{19AD9555-4CD9-45AD-9C07-A55F415DC2ED}.Release|x64.Build.0 = Release|x64
	EndGlobalSection
	GlobalSection(SolutionProperties) = preSolution
		HideSolutionNode = FALSE
	EndGlobalSection
	GlobalSection(NestedProjects) = preSolution
		{E3B2891E-0C41-4438-BBD3-640CC27B36BF} = {4C888461-AAC1-42DE-9D81-68DF314FB5C3}
		{5F0E7B5B-5924-4F2A-8CFE-D016003997D0} = {4C888461-AAC1-42DE-9D81-68DF314FB5C3}
		{E29D42F7-D1D1-4E35-804F-F42AE1F439FA} = {4C888461-AAC1-42DE-9D81-68DF314FB5C3}
		{19AD9555-4CD9-45AD-9C07-A55F415DC2ED} = {4C888461-AAC1-42DE-9D81-68DF314FB5C3}
	EndGlobalSection
EndGlobal
